
Microsoft Visual Studio Solution File, Format Version 12.00
# Visual Studio Version 17
VisualStudioVersion = 17.14.36518.9 d17.14
MinimumVisualStudioVersion = 10.0.40219.1
Project("{FAE04EC0-301F-11D3-BF4B-00C04F79EFBC}") = "project", "project.csproj", "{E4345755-63D0-4321-B2AE-581A4DC6DCC6}"
EndProject
Global
	GlobalSection(SolutionConfigurationPlatforms) = preSolution
		Debug|Any CPU = Debug|Any CPU
		Release|Any CPU = Release|Any CPU
	EndGlobalSection
	GlobalSection(ProjectConfigurationPlatforms) = postSolution
		{E4345755-63D0-4321-B2AE-581A4DC6DCC6}.Debug|Any CPU.ActiveCfg = Debug|Any CPU
		{E4345755-63D0-4321-B2AE-581A4DC6DCC6}.Debug|Any CPU.Build.0 = Debug|Any CPU
		{E4345755-63D0-4321-B2AE-581A4DC6DCC6}.Release|Any CPU.ActiveCfg = Release|Any CPU
		{E4345755-63D0-4321-B2AE-581A4DC6DCC6}.Release|Any CPU.Build.0 = Release|Any CPU
	EndGlobalSection
	GlobalSection(SolutionProperties) = preSolution
		HideSolutionNode = FALSE
	EndGlobalSection
	GlobalSection(ExtensibilityGlobals) = postSolution
		SolutionGuid = {C3DCF0C4-6626-4453-B436-37B411D594E4}
	EndGlobalSection
EndGlobal
